
Microsoft Visual Studio Solution File, Format Version 12.00
Project("{FAE04EC0-301F-11D3-BF4B-00C04F79EFBC}") = "Skaar.MockDependencyInjection", "src\Skaar.MockDependencyInjection\Skaar.MockDependencyInjection.csproj", "{03F4B70A-FA85-4676-94BE-53E392D116FB}"
EndProject
Project("{FAE04EC0-301F-11D3-BF4B-00C04F79EFBC}") = "Skaar.MockDependencyInjection.Moq", "src\Skaar.MockDependencyInjection.Moq\Skaar.MockDependencyInjection.Moq.csproj", "{28BD7950-1382-4DF0-9486-DF504B916822}"
EndProject
Project("{FAE04EC0-301F-11D3-BF4B-00C04F79EFBC}") = "Skaar.MockDependencyInjection.Moq.Tests", "tests\Skaar.MockDependencyInjection.Moq.Tests\Skaar.MockDependencyInjection.Moq.Tests.csproj", "{56556368-8895-4D3C-A624-296C042CEC73}"
EndProject
Project("{2150E333-8FDC-42A3-9474-1A3956D46DE8}") = "SolutionItems", "SolutionItems", "{6385B1EB-7FEB-4901-B29E-0242355927FD}"
	ProjectSection(SolutionItems) = preProject
		README.md = README.md
		CommonProps = src/CommonProps.targets
		resources\logo.png = resources\logo.png
		.github\workflows\nuget-publish.yml = .github\workflows\nuget-publish.yml
	EndProjectSection
EndProject
Project("{FAE04EC0-301F-11D3-BF4B-00C04F79EFBC}") = "Skaar.MockDependencyInjection.AutoFixture", "src\Skaar.MockDependencyInjection.AutoFixture\Skaar.MockDependencyInjection.AutoFixture.csproj", "{5FE90A6F-9CEA-4C72-AAED-9F361C7E559A}"
EndProject
Project("{2150E333-8FDC-42A3-9474-1A3956D46DE8}") = "Tests", "Tests", "{1764922F-B80C-4812-8780-FBDD35FD8EB6}"
EndProject
Project("{FAE04EC0-301F-11D3-BF4B-00C04F79EFBC}") = "Skaar.MockDependencyInjection.NSubstitute", "src\Skaar.MockDependencyInjection.NSubstitute\Skaar.MockDependencyInjection.NSubstitute.csproj", "{7AE06349-07FB-47E6-9A1D-8352284293DB}"
EndProject
Project("{FAE04EC0-301F-11D3-BF4B-00C04F79EFBC}") = "Skaar.MockDependencyInjection.NSubstitute.Tests", "tests\Skaar.MockDependencyInjection.NSubstitute.Tests\Skaar.MockDependencyInjection.NSubstitute.Tests.csproj", "{A775F14F-9263-422D-A175-DD8572621AF1}"
EndProject
Project("{FAE04EC0-301F-11D3-BF4B-00C04F79EFBC}") = "Skaar.MockDependencyInjection.FakeItEasy", "src\Skaar.MockDependencyInjection.FakeItEasy\Skaar.MockDependencyInjection.FakeItEasy.csproj", "{ECEB5436-DF25-4692-A456-C21445FF0863}"
EndProject
Project("{FAE04EC0-301F-11D3-BF4B-00C04F79EFBC}") = "Skaar.MockDependencyInjection.FakeItEasy.Tests", "tests\Skaar.MockDependencyInjection.FakeItEasy.Tests\Skaar.MockDependencyInjection.FakeItEasy.Tests.csproj", "{B537E27C-6840-4C2D-B2BE-68BD39CDFDB7}"
EndProject
Global
	GlobalSection(SolutionConfigurationPlatforms) = preSolution
		Debug|Any CPU = Debug|Any CPU
		Release|Any CPU = Release|Any CPU
	EndGlobalSection
	GlobalSection(ProjectConfigurationPlatforms) = postSolution
		{03F4B70A-FA85-4676-94BE-53E392D116FB}.Debug|Any CPU.ActiveCfg = Debug|Any CPU
		{03F4B70A-FA85-4676-94BE-53E392D116FB}.Debug|Any CPU.Build.0 = Debug|Any CPU
		{03F4B70A-FA85-4676-94BE-53E392D116FB}.Release|Any CPU.ActiveCfg = Release|Any CPU
		{03F4B70A-FA85-4676-94BE-53E392D116FB}.Release|Any CPU.Build.0 = Release|Any CPU
		{28BD7950-1382-4DF0-9486-DF504B916822}.Debug|Any CPU.ActiveCfg = Debug|Any CPU
		{28BD7950-1382-4DF0-9486-DF504B916822}.Debug|Any CPU.Build.0 = Debug|Any CPU
		{28BD7950-1382-4DF0-9486-DF504B916822}.Release|Any CPU.ActiveCfg = Release|Any CPU
		{28BD7950-1382-4DF0-9486-DF504B916822}.Release|Any CPU.Build.0 = Release|Any CPU
		{56556368-8895-4D3C-A624-296C042CEC73}.Debug|Any CPU.ActiveCfg = Debug|Any CPU
		{56556368-8895-4D3C-A624-296C042CEC73}.Debug|Any CPU.Build.0 = Debug|Any CPU
		{56556368-8895-4D3C-A624-296C042CEC73}.Release|Any CPU.ActiveCfg = Release|Any CPU
		{56556368-8895-4D3C-A624-296C042CEC73}.Release|Any CPU.Build.0 = Release|Any CPU
		{5FE90A6F-9CEA-4C72-AAED-9F361C7E559A}.Debug|Any CPU.ActiveCfg = Debug|Any CPU
		{5FE90A6F-9CEA-4C72-AAED-9F361C7E559A}.Debug|Any CPU.Build.0 = Debug|Any CPU
		{5FE90A6F-9CEA-4C72-AAED-9F361C7E559A}.Release|Any CPU.ActiveCfg = Release|Any CPU
		{5FE90A6F-9CEA-4C72-AAED-9F361C7E559A}.Release|Any CPU.Build.0 = Release|Any CPU
		{7AE06349-07FB-47E6-9A1D-8352284293DB}.Debug|Any CPU.ActiveCfg = Debug|Any CPU
		{7AE06349-07FB-47E6-9A1D-8352284293DB}.Debug|Any CPU.Build.0 = Debug|Any CPU
		{7AE06349-07FB-47E6-9A1D-8352284293DB}.Release|Any CPU.ActiveCfg = Release|Any CPU
		{7AE06349-07FB-47E6-9A1D-8352284293DB}.Release|Any CPU.Build.0 = Release|Any CPU
		{A775F14F-9263-422D-A175-DD8572621AF1}.Debug|Any CPU.ActiveCfg = Debug|Any CPU
		{A775F14F-9263-422D-A175-DD8572621AF1}.Debug|Any CPU.Build.0 = Debug|Any CPU
		{A775F14F-9263-422D-A175-DD8572621AF1}.Release|Any CPU.ActiveCfg = Release|Any CPU
		{A775F14F-9263-422D-A175-DD8572621AF1}.Release|Any CPU.Build.0 = Release|Any CPU
		{ECEB5436-DF25-4692-A456-C21445FF0863}.Debug|Any CPU.ActiveCfg = Debug|Any CPU
		{ECEB5436-DF25-4692-A456-C21445FF0863}.Debug|Any CPU.Build.0 = Debug|Any CPU
		{ECEB5436-DF25-4692-A456-C21445FF0863}.Release|Any CPU.ActiveCfg = Release|Any CPU
		{ECEB5436-DF25-4692-A456-C21445FF0863}.Release|Any CPU.Build.0 = Release|Any CPU
		{B537E27C-6840-4C2D-B2BE-68BD39CDFDB7}.Debug|Any CPU.ActiveCfg = Debug|Any CPU
		{B537E27C-6840-4C2D-B2BE-68BD39CDFDB7}.Debug|Any CPU.Build.0 = Debug|Any CPU
		{B537E27C-6840-4C2D-B2BE-68BD39CDFDB7}.Release|Any CPU.ActiveCfg = Release|Any CPU
		{B537E27C-6840-4C2D-B2BE-68BD39CDFDB7}.Release|Any CPU.Build.0 = Release|Any CPU
	EndGlobalSection
	GlobalSection(NestedProjects) = preSolution
		{56556368-8895-4D3C-A624-296C042CEC73} = {1764922F-B80C-4812-8780-FBDD35FD8EB6}
		{A775F14F-9263-422D-A175-DD8572621AF1} = {1764922F-B80C-4812-8780-FBDD35FD8EB6}
		{B537E27C-6840-4C2D-B2BE-68BD39CDFDB7} = {1764922F-B80C-4812-8780-FBDD35FD8EB6}
	EndGlobalSection
EndGlobal
